
Microsoft Visual Studio Solution File, Format Version 12.00
# Visual Studio Version 17
VisualStudioVersion = 17.2.32616.157
MinimumVisualStudioVersion = 10.0.40219.1
Project("{FAE04EC0-301F-11D3-BF4B-00C04F79EFBC}") = "RazorPages", "RazorPages\RazorPages.csproj", "{8BF5F4C7-AFDD-43C5-9C5E-E98E34B03AF7}"
EndProject
Project("{FAE04EC0-301F-11D3-BF4B-00C04F79EFBC}") = "MVC", "MVC\MVC.csproj", "{61222768-59B1-4A6C-B166-382B0FFB82A9}"
EndProject
Project("{FAE04EC0-301F-11D3-BF4B-00C04F79EFBC}") = "API", "API\API.csproj", "{FB562B44-A687-4F16-99A1-A4EE824A0397}"
EndProject
Global
	GlobalSection(SolutionConfigurationPlatforms) = preSolution
		Debug|Any CPU = Debug|Any CPU
		Release|Any CPU = Release|Any CPU
	EndGlobalSection
	GlobalSection(ProjectConfigurationPlatforms) = postSolution
		{8BF5F4C7-AFDD-43C5-9C5E-E98E34B03AF7}.Debug|Any CPU.ActiveCfg = Debug|Any CPU
		{8BF5F4C7-AFDD-43C5-9C5E-E98E34B03AF7}.Debug|Any CPU.Build.0 = Debug|Any CPU
		{8BF5F4C7-AFDD-43C5-9C5E-E98E34B03AF7}.Release|Any CPU.ActiveCfg = Release|Any CPU
		{8BF5F4C7-AFDD-43C5-9C5E-E98E34B03AF7}.Release|Any CPU.Build.0 = Release|Any CPU
		{61222768-59B1-4A6C-B166-382B0FFB82A9}.Debug|Any CPU.ActiveCfg = Debug|Any CPU
		{61222768-59B1-4A6C-B166-382B0FFB82A9}.Debug|Any CPU.Build.0 = Debug|Any CPU
		{61222768-59B1-4A6C-B166-382B0FFB82A9}.Release|Any CPU.ActiveCfg = Release|Any CPU
		{61222768-59B1-4A6C-B166-382B0FFB82A9}.Release|Any CPU.Build.0 = Release|Any CPU
		{FB562B44-A687-4F16-99A1-A4EE824A0397}.Debug|Any CPU.ActiveCfg = Debug|Any CPU
		{FB562B44-A687-4F16-99A1-A4EE824A0397}.Debug|Any CPU.Build.0 = Debug|Any CPU
		{FB562B44-A687-4F16-99A1-A4EE824A0397}.Release|Any CPU.ActiveCfg = Release|Any CPU
		{FB562B44-A687-4F16-99A1-A4EE824A0397}.Release|Any CPU.Build.0 = Release|Any CPU
	EndGlobalSection
	GlobalSection(SolutionProperties) = preSolution
		HideSolutionNode = FALSE
	EndGlobalSection
	GlobalSection(ExtensibilityGlobals) = postSolution
		SolutionGuid = {328D5A76-AF92-44F4-9079-CACE33267CBE}
	EndGlobalSection
EndGlobal
